
Microsoft Visual Studio Solution File, Format Version 12.00
# Visual Studio Version 17
VisualStudioVersion = 17.4.33205.214
MinimumVisualStudioVersion = 10.0.40219.1
Project("{FAE04EC0-301F-11D3-BF4B-00C04F79EFBC}") = "Nuxeo.NET48.Job", "Nuxeo.NET48.Job\Nuxeo.NET48.Job.csproj", "{A1716BBA-26C5-4236-BB46-609812A79440}"
EndProject
Global
	GlobalSection(SolutionConfigurationPlatforms) = preSolution
		Debug|Any CPU = Debug|Any CPU
		Release|Any CPU = Release|Any CPU
	EndGlobalSection
	GlobalSection(ProjectConfigurationPlatforms) = postSolution
		{A1716BBA-26C5-4236-BB46-609812A79440}.Debug|Any CPU.ActiveCfg = Debug|Any CPU
		{A1716BBA-26C5-4236-BB46-609812A79440}.Debug|Any CPU.Build.0 = Debug|Any CPU
		{A1716BBA-26C5-4236-BB46-609812A79440}.Release|Any CPU.ActiveCfg = Release|Any CPU
		{A1716BBA-26C5-4236-BB46-609812A79440}.Release|Any CPU.Build.0 = Release|Any CPU
	EndGlobalSection
	GlobalSection(SolutionProperties) = preSolution
		HideSolutionNode = FALSE
	EndGlobalSection
	GlobalSection(ExtensibilityGlobals) = postSolution
		SolutionGuid = {8BA8880B-8A1B-417D-8232-4F74B365A3E5}
	EndGlobalSection
EndGlobal
